{
  "name": "ProjetoA3-Eletronica-Industrial",
  "lockfileVersion": 2,
  "requires": true,
  "packages": {
    "": {
      "dependencies": {
        "p5.anims": "^0.0.6"
      }
    },
    "node_modules/p5": {
      "version": "1.5.0",
      "resolved": "https://registry.npmjs.org/p5/-/p5-1.5.0.tgz",
      "integrity": "sha512-zZFMVUmGkXe2G5H6Sw7xsVhgdxMyEN/6SZnZqYdQ51513kTqPslLnukkwTbGf8YtW0RetTU0FTjYQMXnFD7KnQ=="
    },
    "node_modules/p5.anims": {
      "version": "0.0.6",
      "resolved": "https://registry.npmjs.org/p5.anims/-/p5.anims-0.0.6.tgz",
      "integrity": "sha512-0ZOzq4MZ3cKMgSi3LuoPqVpJDoxb1t4GKhJ1Js/gGkmVSyIjZ836orYqgCucdTHSJwIdOcNw7FOSMJ+FNtB1sg==",
      "dependencies": {
        "p5": "^1.3.1"
      }
    }
  },
  "dependencies": {
    "p5": {
      "version": "1.5.0",
      "resolved": "https://registry.npmjs.org/p5/-/p5-1.5.0.tgz",
      "integrity": "sha512-zZFMVUmGkXe2G5H6Sw7xsVhgdxMyEN/6SZnZqYdQ51513kTqPslLnukkwTbGf8YtW0RetTU0FTjYQMXnFD7KnQ=="
    },
    "p5.anims": {
      "version": "0.0.6",
      "resolved": "https://registry.npmjs.org/p5.anims/-/p5.anims-0.0.6.tgz",
      "integrity": "sha512-0ZOzq4MZ3cKMgSi3LuoPqVpJDoxb1t4GKhJ1Js/gGkmVSyIjZ836orYqgCucdTHSJwIdOcNw7FOSMJ+FNtB1sg==",
      "requires": {
        "p5": "^1.3.1"
      }
    }
  }
}
